
Microsoft Visual Studio Solution File, Format Version 12.00
# Visual Studio 14
VisualStudioVersion = 14.0.25123.0
MinimumVisualStudioVersion = 10.0.40219.1
Project("{FAE04EC0-301F-11D3-BF4B-00C04F79EFBC}") = "ParkingLot.Site", "ParkingLot.Site\ParkingLot.Site.csproj", "{50437F64-9CC2-4227-A9AE-30CC1C4CE59B}"
EndProject
Project("{FAE04EC0-301F-11D3-BF4B-00C04F79EFBC}") = "ParkingLot.Site.Tests", "ParkingLot.Site.Tests\ParkingLot.Site.Tests.csproj", "{68604C7B-3E56-425D-935B-E9B816287ACB}"
EndProject
Global
	GlobalSection(SolutionConfigurationPlatforms) = preSolution
		Debug|Any CPU = Debug|Any CPU
		Release|Any CPU = Release|Any CPU
	EndGlobalSection
	GlobalSection(ProjectConfigurationPlatforms) = postSolution
		{50437F64-9CC2-4227-A9AE-30CC1C4CE59B}.Debug|Any CPU.ActiveCfg = Debug|Any CPU
		{50437F64-9CC2-4227-A9AE-30CC1C4CE59B}.Debug|Any CPU.Build.0 = Debug|Any CPU
		{50437F64-9CC2-4227-A9AE-30CC1C4CE59B}.Release|Any CPU.ActiveCfg = Release|Any CPU
		{50437F64-9CC2-4227-A9AE-30CC1C4CE59B}.Release|Any CPU.Build.0 = Release|Any CPU
		{68604C7B-3E56-425D-935B-E9B816287ACB}.Debug|Any CPU.ActiveCfg = Debug|Any CPU
		{68604C7B-3E56-425D-935B-E9B816287ACB}.Debug|Any CPU.Build.0 = Debug|Any CPU
		{68604C7B-3E56-425D-935B-E9B816287ACB}.Release|Any CPU.ActiveCfg = Release|Any CPU
		{68604C7B-3E56-425D-935B-E9B816287ACB}.Release|Any CPU.Build.0 = Release|Any CPU
	EndGlobalSection
	GlobalSection(SolutionProperties) = preSolution
		HideSolutionNode = FALSE
	EndGlobalSection
EndGlobal
